github.com/aws/aws-sdk-go-v2 v1.45.1 h1:iIoG3NaLhV6UZpPXyPXlDj2I9oS8tV/nMcMnITCC6Ks=
github.com/aws/aws-sdk-go-v2 v1.45.1/go.mod h1:bttEH6JqnUL8LepvDVfdrds/fZ5bCIxzpe3abyUrhDU=
github.com/aws/aws-sdk-go-v2/config v1.33.0 h1:7diNAnB5atOdqXtkNOgOSJeW0B5hK91Wpdif4ZU2+n8=
github.com/aws/aws-sdk-go-v2/config v1.33.0/go.mod h1:Wdx3+4SAOpY6SZuqzZ+I4nfykdqAyOM5QzBtAVcNXs4=
github.com/aws/aws-sdk-go-v2/credentials v1.20.0 h1:SuE9Ay1AQmKTFRLQiJ4yo1MOQH3pCmMvT1auucu8sgc=
github.com/aws/aws-sdk-go-v2/credentials v1.20.0/go.mod h1:fxvWPM2xG890LalTf2BEF8ehYwvPHXeIDs+PmkHvyeI=
github.com/aws/aws-sdk-go-v2/feature/ec2/imds v1.19.0 h1:Xa9oGNxZr89peMfPe9vNK5Ff8CI5dQF4hm0BsSvE8Ls=
github.com/aws/aws-sdk-go-v2/feature/ec2/imds v1.19.0/go.mod h1:iCdeweX6PdjSlPek3rnDOGNMHrCa/ewmcIEAiOhKT+0=
github.com/aws/aws-sdk-go-v2/internal/configsources v1.5.1 h1:pc138gM1CW+XPc60rEwUlwwuwWFQK16CI1T7v1F9Oec=
github.com/aws/aws-sdk-go-v2/internal/configsources v1.5.1/go.mod h1:1+koxpPIbfBdfzP6vojm5/zTpTQ/micYwlxIiNB3TxI=
github.com/aws/aws-sdk-go-v2/internal/endpoints/v2 v2.8.1 h1:K0JsbZQj+1h208Ro1zHeA4l7bMp0NvRffHQ91q8Ol1s=
github.com/aws/aws-sdk-go-v2/internal/endpoints/v2 v2.8.1/go.mod h1:W3/vL6EtCIatICGy9ab29QhMuae+cOKPWcMxv02CO+Q=
github.com/aws/aws-sdk-go-v2/internal/v4a v1.5.0 h1:bCp6P6+1zX0SjzUjKnHcaplaNxipS6HlJCUbQSOC5bE=
github.com/aws/aws-sdk-go-v2/internal/v4a v1.5.0/go.mod h1:cyMJ/6RISz6pvk+o4MrgSBG5502jOEAmEcj4YPTxcks=
github.com/aws/aws-sdk-go-v2/service/dynamodb v1.65.1 h1:KD7o9P8cdTqYWMSCslCfFTaOB1SWbKtj+dayFrbQVGI=
github.com/aws/aws-sdk-go-v2/service/dynamodb v1.65.1/go.mod h1:1n7X9A0OjJ8CZjeac5PsFxEkIzBioOs223JPLDZ5bbQ=
github.com/aws/aws-sdk-go-v2/service/internal/accept-encoding v1.13.19 h1:bAdDl/HkGCcGPoe25ToSHEw23VIxt6CT5fLcg111BKg=
github.com/aws/aws-sdk-go-v2/service/internal/accept-encoding v1.13.19/go.mod h1:KaUzbLxv4CeSxh6ZCl9B4m7CuFenS8kUEaDs+f/DQr4=
github.com/aws/aws-sdk-go-v2/service/internal/endpoint-discovery v1.13.1 h1:kIfDHRmq8zgw3DB0XxzGTZi19BX7OwIn+yDE9BJ2I1g=
github.com/aws/aws-sdk-go-v2/service/internal/endpoint-discovery v1.13.1/go.mod h1:o6YX/HIkSNfumuKUum+FrqrsebMFVJUiGcmGp03WnsQ=
github.com/aws/aws-sdk-go-v2/service/internal/presigned-url v1.14.0 h1:2u6zfFOUpAqOQsBViEOhSWcg+BhZtE6NZ6f/Z+sFR9c=
github.com/aws/aws-sdk-go-v2/service/internal/presigned-url v1.14.0/go.mod h1:eluKsoZUd14O/oIOUhg9+dg67nYqsqDrbKTDEiOT4y8=
github.com/aws/aws-sdk-go-v2/service/signin v1.7.0 h1:RBNqx/MPLDIdM1DLhpPcOHsDT9kd7WwHmD8gNebE4rk=
github.com/aws/aws-sdk-go-v2/service/signin v1.7.0/go.mod h1:hdB1+tmRgJmw4t3FwnAR2PlHMxxFmtIw+HU2B5m0UbU=
github.com/aws/aws-sdk-go-v2/service/sso v1.35.0 h1:5RWsqG+14ed23Lu6edqOP3FwoPXVDt9okFsSmjZfjnk=
github.com/aws/aws-sdk-go-v2/service/sso v1.35.0/go.mod h1:PkaZicBIxRusYsIGywhD2se5CPJXHaMH7ES7B5CDaIA=
github.com/aws/aws-sdk-go-v2/service/ssooidc v1.40.0 h1:B4E8cJfReq5iNi1QDZaYRgZU6G2YKbXvPc1JeAzfiG0=
github.com/aws/aws-sdk-go-v2/service/ssooidc v1.40.0/go.mod h1:wU+m5M9H5+PJRHTOOY/IEGJN/7CL6o+n5ALaIZ98UjM=
github.com/aws/aws-sdk-go-v2/service/sts v1.47.0 h1:u+h5Ki/SZmbemarKOHM1iAdy0vVZRqdxYo3ItfHjLAE=
github.com/aws/aws-sdk-go-v2/service/sts v1.47.0/go.mod h1:uw3ag3/g93gokcJxOmKjylVC7+ZSJue5h7BgWE5alhw=
github.com/aws/smithy-go v1.28.1 h1:R/nXH00c8qcfCzQVELtRw+eLQWtzv+VAIEFJ1/xxXlQ=
github.com/aws/smithy-go v1.28.1/go.mod h1:YE2RhdIuDbA5E5bTdciG9KrW3+TiEONeUWCqxX9i1Fc=
github.com/jessevdk/go-flags v1.6.1 h1:Cvu5U8UGrLay1rZfv/zP7iLpSHGUZ/Ou68T0iX1bBK4=
github.com/jessevdk/go-flags v1.6.1/go.mod h1:Mk8T1hIAWpOiJiHa9rJASDK2UGWji0EuPGBnNLMooyc=
github.com/taylormonacelli/littlecow v0.0.5 h1:XO12CRKS2TIg4NppeFt4ZWFYo3Z7i+ek2lw25+ZE9tk=
github.com/taylormonacelli/littlecow v0.0.5/go.mod h1:U5Y8E9afDjxSTrKkrwekw5J9YIcrcKdBzLDV9JF0dXg=
golang.org/x/sys v0.21.0 h1:rF+pYz3DAGSQAxAu1CbC7catZg4ebC4UIeIhKxBZvws=
golang.org/x/sys v0.21.0/go.mod h1:/VUhepiaJMQUp4+oa/7Zr1D23ma6VTLIYjOOTFZPUcA=
